<?xml version="1.0" encoding="utf-8"?>
<Project ToolsVersion="4.0" xmlns="http://schemas.microsoft.com/developer/msbuild/2003">
  <ItemGroup>
    <Filter Include="tinyxml">
      <UniqueIdentifier>{43429e81-e542-4e80-b870-91ae2b03bde8}</UniqueIdentifier>
    </Filter>
    <Filter Include="OpenLR2">
      <UniqueIdentifier>{82b124f9-19cf-4e9e-b9bb-adcc558ae9a3}</UniqueIdentifier>
    </Filter>
    <Filter Include="sqlite">
      <UniqueIdentifier>{615c26fd-60a8-4971-9108-9dec90249509}</UniqueIdentifier>
    </Filter>
    <Filter Include="FMODex">
      <UniqueIdentifier>{bbe96190-3eaa-4755-a84b-fd602ae209d6}</UniqueIdentifier>
    </Filter>
    <Filter Include="dxlib">
      <UniqueIdentifier>{c0547d9a-a71a-443a-a9d5-88cbf9b5a140}</UniqueIdentifier>
    </Filter>
  </ItemGroup>
  <ItemGroup>
    <ClCompile Include="tinyxml\tinystr.cpp">
      <Filter>tinyxml</Filter>
    </ClCompile>
    <ClCompile Include="tinyxml\tinyxml.cpp">
      <Filter>tinyxml</Filter>
    </ClCompile>
    <ClCompile Include="tinyxml\tinyxmlerror.cpp">
      <Filter>tinyxml</Filter>
    </ClCompile>
    <ClCompile Include="tinyxml\tinyxmlparser.cpp">
      <Filter>tinyxml</Filter>
    </ClCompile>
    <ClCompile Include="Main.cpp">
      <Filter>OpenLR2</Filter>
    </ClCompile>
    <ClCompile Include="LR2startup.cpp">
      <Filter>OpenLR2</Filter>
    </ClCompile>
    <ClCompile Include="strclass.cpp">
      <Filter>OpenLR2</Filter>
    </ClCompile>
    <ClCompile Include="LR2input.cpp">
      <Filter>OpenLR2</Filter>
    </ClCompile>
    <ClCompile Include="LR2f.cpp">
      <Filter>OpenLR2</Filter>
    </ClCompile>
    <ClCompile Include="sqlite\sqlite3.c">
      <Filter>sqlite</Filter>
    </ClCompile>
    <ClCompile Include="md5.c">
      <Filter>OpenLR2</Filter>
    </ClCompile>
  </ItemGroup>
  <ItemGroup>
    <ClInclude Include="tinyxml\tinystr.h">
      <Filter>tinyxml</Filter>
    </ClInclude>
    <ClInclude Include="tinyxml\tinyxml.h">
      <Filter>tinyxml</Filter>
    </ClInclude>
    <ClInclude Include="structure.h">
      <Filter>OpenLR2</Filter>
    </ClInclude>
    <ClInclude Include="LR2startup.h">
      <Filter>OpenLR2</Filter>
    </ClInclude>
    <ClInclude Include="strclass.h">
      <Filter>OpenLR2</Filter>
    </ClInclude>
    <ClInclude Include="LR2input.h">
      <Filter>OpenLR2</Filter>
    </ClInclude>
    <ClInclude Include="LR2f.h">
      <Filter>OpenLR2</Filter>
    </ClInclude>
    <ClInclude Include="md5.h">
      <Filter>OpenLR2</Filter>
    </ClInclude>
    <ClInclude Include="sqlite\sqlite3.h">
      <Filter>sqlite</Filter>
    </ClInclude>
    <ClInclude Include="DxLib\DxCompileConfig.h">
      <Filter>dxlib</Filter>
    </ClInclude>
    <ClInclude Include="DxLib\DxDataType.h">
      <Filter>dxlib</Filter>
    </ClInclude>
    <ClInclude Include="DxLib\DxDataTypeWin.h">
      <Filter>dxlib</Filter>
    </ClInclude>
    <ClInclude Include="DxLib\DxDirectX.h">
      <Filter>dxlib</Filter>
    </ClInclude>
    <ClInclude Include="DxLib\DxLib.h">
      <Filter>dxlib</Filter>
    </ClInclude>
    <ClInclude Include="DxLib\DxPixelShader.h">
      <Filter>dxlib</Filter>
    </ClInclude>
    <ClInclude Include="DxLib\DxVertexShader.h">
      <Filter>dxlib</Filter>
    </ClInclude>
    <ClInclude Include="FMODex\fmod.h">
      <Filter>FMODex</Filter>
    </ClInclude>
    <ClInclude Include="FMODex\fmod.hpp">
      <Filter>FMODex</Filter>
    </ClInclude>
    <ClInclude Include="FMODex\fmod_codec.h">
      <Filter>FMODex</Filter>
    </ClInclude>
    <ClInclude Include="FMODex\fmod_dsp.h">
      <Filter>FMODex</Filter>
    </ClInclude>
    <ClInclude Include="FMODex\fmod_errors.h">
      <Filter>FMODex</Filter>
    </ClInclude>
    <ClInclude Include="FMODex\fmod_output.h">
      <Filter>FMODex</Filter>
    </ClInclude>
  </ItemGroup>
  <ItemGroup>
    <Library Include="DxLib\DxDrawFunc.lib">
      <Filter>dxlib</Filter>
    </Library>
    <Library Include="DxLib\DxDrawFunc_d.lib">
      <Filter>dxlib</Filter>
    </Library>
    <Library Include="DxLib\DxDrawFunc_x64.lib">
      <Filter>dxlib</Filter>
    </Library>
    <Library Include="DxLib\DxDrawFunc_x64_d.lib">
      <Filter>dxlib</Filter>
    </Library>
    <Library Include="DxLib\DxLib.lib">
      <Filter>dxlib</Filter>
    </Library>
    <Library Include="DxLib\DxLib_d.lib">
      <Filter>dxlib</Filter>
    </Library>
    <Library Include="DxLib\DxLib_x64.lib">
      <Filter>dxlib</Filter>
    </Library>
    <Library Include="DxLib\DxLib_x64_d.lib">
      <Filter>dxlib</Filter>
    </Library>
    <Library Include="DxLib\DxLibW.lib">
      <Filter>dxlib</Filter>
    </Library>
    <Library Include="DxLib\DxLibW_d.lib">
      <Filter>dxlib</Filter>
    </Library>
    <Library Include="DxLib\DxLibW_x64.lib">
      <Filter>dxlib</Filter>
    </Library>
    <Library Include="DxLib\DxLibW_x64_d.lib">
      <Filter>dxlib</Filter>
    </Library>
    <Library Include="DxLib\DxUseCLib.lib">
      <Filter>dxlib</Filter>
    </Library>
    <Library Include="DxLib\DxUseCLib_d.lib">
      <Filter>dxlib</Filter>
    </Library>
    <Library Include="DxLib\DxUseCLib_x64.lib">
      <Filter>dxlib</Filter>
    </Library>
    <Library Include="DxLib\DxUseCLib_x64_d.lib">
      <Filter>dxlib</Filter>
    </Library>
    <Library Include="DxLib\DxUseCLibW.lib">
      <Filter>dxlib</Filter>
    </Library>
    <Library Include="DxLib\DxUseCLibW_d.lib">
      <Filter>dxlib</Filter>
    </Library>
    <Library Include="DxLib\DxUseCLibW_x64.lib">
      <Filter>dxlib</Filter>
    </Library>
    <Library Include="DxLib\DxUseCLibW_x64_d.lib">
      <Filter>dxlib</Filter>
    </Library>
    <Library Include="DxLib\libbulletcollision_vc6.lib">
      <Filter>dxlib</Filter>
    </Library>
    <Library Include="DxLib\libbulletcollision_vc6_d.lib">
      <Filter>dxlib</Filter>
    </Library>
    <Library Include="DxLib\libbulletcollision_vc8_x64.lib">
      <Filter>dxlib</Filter>
    </Library>
    <Library Include="DxLib\libbulletcollision_vc8_x64_d.lib">
      <Filter>dxlib</Filter>
    </Library>
    <Library Include="DxLib\libbulletdynamics_vc6.lib">
      <Filter>dxlib</Filter>
    </Library>
    <Library Include="DxLib\libbulletdynamics_vc6_d.lib">
      <Filter>dxlib</Filter>
    </Library>
    <Library Include="DxLib\libbulletdynamics_vc8_x64.lib">
      <Filter>dxlib</Filter>
    </Library>
    <Library Include="DxLib\libbulletdynamics_vc8_x64_d.lib">
      <Filter>dxlib</Filter>
    </Library>
    <Library Include="DxLib\libbulletmath_vc6.lib">
      <Filter>dxlib</Filter>
    </Library>
    <Library Include="DxLib\libbulletmath_vc6_d.lib">
      <Filter>dxlib</Filter>
    </Library>
    <Library Include="DxLib\libbulletmath_vc8_x64.lib">
      <Filter>dxlib</Filter>
    </Library>
    <Library Include="DxLib\libbulletmath_vc8_x64_d.lib">
      <Filter>dxlib</Filter>
    </Library>
    <Library Include="DxLib\libjpeg.lib">
      <Filter>dxlib</Filter>
    </Library>
    <Library Include="DxLib\libjpeg_d.lib">
      <Filter>dxlib</Filter>
    </Library>
    <Library Include="DxLib\libjpeg_x64.lib">
      <Filter>dxlib</Filter>
    </Library>
    <Library Include="DxLib\libjpeg_x64_d.lib">
      <Filter>dxlib</Filter>
    </Library>
    <Library Include="DxLib\libpng.lib">
      <Filter>dxlib</Filter>
    </Library>
    <Library Include="DxLib\libpng_d.lib">
      <Filter>dxlib</Filter>
    </Library>
    <Library Include="DxLib\libpng_x64.lib">
      <Filter>dxlib</Filter>
    </Library>
    <Library Include="DxLib\libpng_x64_d.lib">
      <Filter>dxlib</Filter>
    </Library>
    <Library Include="DxLib\libtheora_static.lib">
      <Filter>dxlib</Filter>
    </Library>
    <Library Include="DxLib\libtheora_static_d.lib">
      <Filter>dxlib</Filter>
    </Library>
    <Library Include="DxLib\libtheora_static_x64.lib">
      <Filter>dxlib</Filter>
    </Library>
    <Library Include="DxLib\libtheora_static_x64_d.lib">
      <Filter>dxlib</Filter>
    </Library>
    <Library Include="DxLib\ogg_static.lib">
      <Filter>dxlib</Filter>
    </Library>
    <Library Include="DxLib\ogg_static_d.lib">
      <Filter>dxlib</Filter>
    </Library>
    <Library Include="DxLib\ogg_static_x64.lib">
      <Filter>dxlib</Filter>
    </Library>
    <Library Include="DxLib\ogg_static_x64_d.lib">
      <Filter>dxlib</Filter>
    </Library>
    <Library Include="DxLib\vorbis_static.lib">
      <Filter>dxlib</Filter>
    </Library>
    <Library Include="DxLib\vorbis_static_d.lib">
      <Filter>dxlib</Filter>
    </Library>
    <Library Include="DxLib\vorbis_static_x64.lib">
      <Filter>dxlib</Filter>
    </Library>
    <Library Include="DxLib\vorbis_static_x64_d.lib">
      <Filter>dxlib</Filter>
    </Library>
    <Library Include="DxLib\vorbisfile_static.lib">
      <Filter>dxlib</Filter>
    </Library>
    <Library Include="DxLib\vorbisfile_static_d.lib">
      <Filter>dxlib</Filter>
    </Library>
    <Library Include="DxLib\vorbisfile_static_x64.lib">
      <Filter>dxlib</Filter>
    </Library>
    <Library Include="DxLib\vorbisfile_static_x64_d.lib">
      <Filter>dxlib</Filter>
    </Library>
    <Library Include="DxLib\zlib.lib">
      <Filter>dxlib</Filter>
    </Library>
    <Library Include="DxLib\zlib_d.lib">
      <Filter>dxlib</Filter>
    </Library>
    <Library Include="DxLib\zlib_x64.lib">
      <Filter>dxlib</Filter>
    </Library>
    <Library Include="DxLib\zlib_x64_d.lib">
      <Filter>dxlib</Filter>
    </Library>
    <Library Include="FMODex\fmodex_vc.lib">
      <Filter>FMODex</Filter>
    </Library>
  </ItemGroup>
  <ItemGroup>
    <Text Include="DxLib\DxLib.txt">
      <Filter>dxlib</Filter>
    </Text>
  </ItemGroup>
</Project>