<?xml version="1.0" encoding="utf-8"?>
<Project ToolsVersion="4.0" xmlns="http://schemas.microsoft.com/developer/msbuild/2003">
  <ItemGroup>
    <Filter Include="imgui">
      <UniqueIdentifier>{20b90ce4-7fcb-4731-b9a0-075f875de82d}</UniqueIdentifier>
    </Filter>
    <Filter Include="sources">
      <UniqueIdentifier>{f18ab499-84e1-499f-8eff-9754361e0e52}</UniqueIdentifier>
      <Extensions>cpp;c;cc;cxx;def;odl;idl;hpj;bat;asm;asmx</Extensions>
    </Filter>
    <Filter Include="LR2">
      <UniqueIdentifier>{e52f9276-1352-466d-a9d9-9272cc169762}</UniqueIdentifier>
    </Filter>
  </ItemGroup>
  <ItemGroup>
    <ClCompile Include="main.cpp">
      <Filter>sources</Filter>
    </ClCompile>
    <ClCompile Include="imgui\imgui.cpp">
      <Filter>imgui</Filter>
    </ClCompile>
    <ClCompile Include="imgui\imgui_demo.cpp">
      <Filter>imgui</Filter>
    </ClCompile>
    <ClCompile Include="imgui\imgui_draw.cpp">
      <Filter>imgui</Filter>
    </ClCompile>
    <ClCompile Include="imgui\imgui_impl_sdl3.cpp">
      <Filter>imgui</Filter>
    </ClCompile>
    <ClCompile Include="imgui\imgui_impl_sdlrenderer3.cpp">
      <Filter>imgui</Filter>
    </ClCompile>
    <ClCompile Include="imgui\imgui_tables.cpp">
      <Filter>imgui</Filter>
    </ClCompile>
    <ClCompile Include="imgui\imgui_widgets.cpp">
      <Filter>imgui</Filter>
    </ClCompile>
    <ClCompile Include="winWorkspace.cpp">
      <Filter>sources</Filter>
    </ClCompile>
    <ClCompile Include="..\LR2\dbgtool.cpp">
      <Filter>LR2</Filter>
    </ClCompile>
    <ClCompile Include="..\LR2\En_audio.cpp">
      <Filter>LR2</Filter>
    </ClCompile>
    <ClCompile Include="..\LR2\En_dbio.cpp">
      <Filter>LR2</Filter>
    </ClCompile>
    <ClCompile Include="..\LR2\En_fileutil.cpp">
      <Filter>LR2</Filter>
    </ClCompile>
    <ClCompile Include="..\LR2\En_graphic.cpp">
      <Filter>LR2</Filter>
    </ClCompile>
    <ClCompile Include="..\LR2\En_input.cpp">
      <Filter>LR2</Filter>
    </ClCompile>
    <ClCompile Include="..\LR2\En_recordmovie.cpp">
      <Filter>LR2</Filter>
    </ClCompile>
    <ClCompile Include="..\LR2\En_timer.cpp">
      <Filter>LR2</Filter>
    </ClCompile>
    <ClCompile Include="..\LR2\En_value.cpp">
      <Filter>LR2</Filter>
    </ClCompile>
    <ClCompile Include="..\LR2\En_xml.cpp">
      <Filter>LR2</Filter>
    </ClCompile>
    <ClCompile Include="..\LR2\LR2_audio.cpp">
      <Filter>LR2</Filter>
    </ClCompile>
    <ClCompile Include="..\LR2\LR2_bmsload.cpp">
      <Filter>LR2</Filter>
    </ClCompile>
    <ClCompile Include="..\LR2\LR2_configsave.cpp">
      <Filter>LR2</Filter>
    </ClCompile>
    <ClCompile Include="..\LR2\LR2_gameloop.cpp">
      <Filter>LR2</Filter>
    </ClCompile>
    <ClCompile Include="..\LR2\LR2_ghost.cpp">
      <Filter>LR2</Filter>
    </ClCompile>
    <ClCompile Include="..\LR2\LR2_ir.cpp">
      <Filter>LR2</Filter>
    </ClCompile>
    <ClCompile Include="..\LR2\LR2_makemp3.cpp">
      <Filter>LR2</Filter>
    </ClCompile>
    <ClCompile Include="..\LR2\LR2_replay.cpp">
      <Filter>LR2</Filter>
    </ClCompile>
    <ClCompile Include="..\LR2\LR2_skindraw.cpp">
      <Filter>LR2</Filter>
    </ClCompile>
    <ClCompile Include="..\LR2\LR2_skinload.cpp">
      <Filter>LR2</Filter>
    </ClCompile>
    <ClCompile Include="..\LR2\LR2_skinmanage.cpp">
      <Filter>LR2</Filter>
    </ClCompile>
    <ClCompile Include="..\LR2\LR2_skinobject.cpp">
      <Filter>LR2</Filter>
    </ClCompile>
    <ClCompile Include="..\LR2\LR2_songmanage.cpp">
      <Filter>LR2</Filter>
    </ClCompile>
    <ClCompile Include="..\LR2\LR2_statlong.cpp">
      <Filter>LR2</Filter>
    </ClCompile>
    <ClCompile Include="..\LR2\LR2_statplay.cpp">
      <Filter>LR2</Filter>
    </ClCompile>
    <ClCompile Include="..\LR2\Scene02_Songselect.cpp">
      <Filter>LR2</Filter>
    </ClCompile>
    <ClCompile Include="..\LR2\Scene03_Decide.cpp">
      <Filter>LR2</Filter>
    </ClCompile>
    <ClCompile Include="..\LR2\Scene04_Play.cpp">
      <Filter>LR2</Filter>
    </ClCompile>
    <ClCompile Include="..\LR2\Scene05_Result.cpp">
      <Filter>LR2</Filter>
    </ClCompile>
    <ClCompile Include="..\LR2\Scene06_Keyconfig.cpp">
      <Filter>LR2</Filter>
    </ClCompile>
    <ClCompile Include="..\LR2\Scene07_Skinselect.cpp">
      <Filter>LR2</Filter>
    </ClCompile>
    <ClCompile Include="..\LR2\Scene08_Lunaris.cpp">
      <Filter>LR2</Filter>
    </ClCompile>
    <ClCompile Include="..\LR2\Scene09_Po4menu.cpp">
      <Filter>LR2</Filter>
    </ClCompile>
    <ClCompile Include="..\LR2\Scene10_Po4decide.cpp">
      <Filter>LR2</Filter>
    </ClCompile>
    <ClCompile Include="..\LR2\Scene11_Po4select.cpp">
      <Filter>LR2</Filter>
    </ClCompile>
    <ClCompile Include="..\LR2\Scene13_Courseresult.cpp">
      <Filter>LR2</Filter>
    </ClCompile>
    <ClCompile Include="..\LR2\strclass.cpp">
      <Filter>LR2</Filter>
    </ClCompile>
    <ClCompile Include="..\lib\sqlite\sqlite3.c">
      <Filter>LR2</Filter>
    </ClCompile>
    <ClCompile Include="..\lib\tinyxml\tinystr.cpp">
      <Filter>LR2</Filter>
    </ClCompile>
    <ClCompile Include="..\lib\tinyxml\tinyxml.cpp">
      <Filter>LR2</Filter>
    </ClCompile>
    <ClCompile Include="..\lib\tinyxml\tinyxmlerror.cpp">
      <Filter>LR2</Filter>
    </ClCompile>
    <ClCompile Include="..\lib\tinyxml\tinyxmlparser.cpp">
      <Filter>LR2</Filter>
    </ClCompile>
    <ClCompile Include="..\lib\md5.cpp">
      <Filter>LR2</Filter>
    </ClCompile>
    <ClCompile Include="seWindowManager.cpp">
      <Filter>sources</Filter>
    </ClCompile>
    <ClCompile Include="ImageLoader.cpp">
      <Filter>sources</Filter>
    </ClCompile>
    <ClCompile Include="skin.cpp">
      <Filter>sources</Filter>
    </ClCompile>
  </ItemGroup>
  <ItemGroup>
    <ClInclude Include="imgui\imconfig.h">
      <Filter>imgui</Filter>
    </ClInclude>
    <ClInclude Include="imgui\imgui.h">
      <Filter>imgui</Filter>
    </ClInclude>
    <ClInclude Include="imgui\imgui_impl_sdl3.h">
      <Filter>imgui</Filter>
    </ClInclude>
    <ClInclude Include="imgui\imgui_impl_sdlrenderer3.h">
      <Filter>imgui</Filter>
    </ClInclude>
    <ClInclude Include="imgui\imgui_internal.h">
      <Filter>imgui</Filter>
    </ClInclude>
    <ClInclude Include="winWorkspace.h">
      <Filter>sources</Filter>
    </ClInclude>
    <ClInclude Include="..\LR2\dbgtool.h">
      <Filter>LR2</Filter>
    </ClInclude>
    <ClInclude Include="..\LR2\En_audio.h">
      <Filter>LR2</Filter>
    </ClInclude>
    <ClInclude Include="..\LR2\En_dbio.h">
      <Filter>LR2</Filter>
    </ClInclude>
    <ClInclude Include="..\LR2\En_fileutil.h">
      <Filter>LR2</Filter>
    </ClInclude>
    <ClInclude Include="..\LR2\En_graphic.h">
      <Filter>LR2</Filter>
    </ClInclude>
    <ClInclude Include="..\LR2\En_input.h">
      <Filter>LR2</Filter>
    </ClInclude>
    <ClInclude Include="..\LR2\En_recordmovie.h">
      <Filter>LR2</Filter>
    </ClInclude>
    <ClInclude Include="..\LR2\En_timer.h">
      <Filter>LR2</Filter>
    </ClInclude>
    <ClInclude Include="..\LR2\En_value.h">
      <Filter>LR2</Filter>
    </ClInclude>
    <ClInclude Include="..\LR2\En_xml.h">
      <Filter>LR2</Filter>
    </ClInclude>
    <ClInclude Include="..\LR2\Engine.h">
      <Filter>LR2</Filter>
    </ClInclude>
    <ClInclude Include="..\LR2\LR2.h">
      <Filter>LR2</Filter>
    </ClInclude>
    <ClInclude Include="..\LR2\LR2_audio.h">
      <Filter>LR2</Filter>
    </ClInclude>
    <ClInclude Include="..\LR2\LR2_bmsload.h">
      <Filter>LR2</Filter>
    </ClInclude>
    <ClInclude Include="..\LR2\LR2_configsave.h">
      <Filter>LR2</Filter>
    </ClInclude>
    <ClInclude Include="..\LR2\LR2_gameloop.h">
      <Filter>LR2</Filter>
    </ClInclude>
    <ClInclude Include="..\LR2\LR2_ghost.h">
      <Filter>LR2</Filter>
    </ClInclude>
    <ClInclude Include="..\LR2\LR2_ir.h">
      <Filter>LR2</Filter>
    </ClInclude>
    <ClInclude Include="..\LR2\LR2_makemp3.h">
      <Filter>LR2</Filter>
    </ClInclude>
    <ClInclude Include="..\LR2\LR2_replay.h">
      <Filter>LR2</Filter>
    </ClInclude>
    <ClInclude Include="..\LR2\LR2_skindraw.h">
      <Filter>LR2</Filter>
    </ClInclude>
    <ClInclude Include="..\LR2\LR2_skinload.h">
      <Filter>LR2</Filter>
    </ClInclude>
    <ClInclude Include="..\LR2\LR2_skinmanage.h">
      <Filter>LR2</Filter>
    </ClInclude>
    <ClInclude Include="..\LR2\LR2_skinobject.h">
      <Filter>LR2</Filter>
    </ClInclude>
    <ClInclude Include="..\LR2\LR2_songmanage.h">
      <Filter>LR2</Filter>
    </ClInclude>
    <ClInclude Include="..\LR2\LR2_statlong.h">
      <Filter>LR2</Filter>
    </ClInclude>
    <ClInclude Include="..\LR2\LR2_statplay.h">
      <Filter>LR2</Filter>
    </ClInclude>
    <ClInclude Include="..\LR2\Scene02_Songselect.h">
      <Filter>LR2</Filter>
    </ClInclude>
    <ClInclude Include="..\LR2\Scene03_Decide.h">
      <Filter>LR2</Filter>
    </ClInclude>
    <ClInclude Include="..\LR2\Scene04_Play.h">
      <Filter>LR2</Filter>
    </ClInclude>
    <ClInclude Include="..\LR2\Scene05_Result.h">
      <Filter>LR2</Filter>
    </ClInclude>
    <ClInclude Include="..\LR2\Scene06_Keyconfig.h">
      <Filter>LR2</Filter>
    </ClInclude>
    <ClInclude Include="..\LR2\Scene07_Skinselect.h">
      <Filter>LR2</Filter>
    </ClInclude>
    <ClInclude Include="..\LR2\Scene08_Lunaris.h">
      <Filter>LR2</Filter>
    </ClInclude>
    <ClInclude Include="..\LR2\Scene09_Po4menu.h">
      <Filter>LR2</Filter>
    </ClInclude>
    <ClInclude Include="..\LR2\Scene10_Po4decide.h">
      <Filter>LR2</Filter>
    </ClInclude>
    <ClInclude Include="..\LR2\Scene11_Po4select.h">
      <Filter>LR2</Filter>
    </ClInclude>
    <ClInclude Include="..\LR2\Scene13_Courseresult.h">
      <Filter>LR2</Filter>
    </ClInclude>
    <ClInclude Include="..\LR2\Scenes.h">
      <Filter>LR2</Filter>
    </ClInclude>
    <ClInclude Include="..\LR2\strclass.h">
      <Filter>LR2</Filter>
    </ClInclude>
    <ClInclude Include="..\LR2\structure.h">
      <Filter>LR2</Filter>
    </ClInclude>
    <ClInclude Include="seWindowManager.h">
      <Filter>sources</Filter>
    </ClInclude>
    <ClInclude Include="stb_image.h">
      <Filter>sources</Filter>
    </ClInclude>
    <ClInclude Include="ImageLoader.h">
      <Filter>sources</Filter>
    </ClInclude>
    <ClInclude Include="skin.h">
      <Filter>sources</Filter>
    </ClInclude>
  </ItemGroup>
  <ItemGroup>
    <None Include="..\README.txt" />
    <None Include="..\..\misc\debuggers\imgui.natvis">
      <Filter>imgui</Filter>
    </None>
    <None Include="..\..\misc\debuggers\imgui.natstepfilter">
      <Filter>imgui</Filter>
    </None>
  </ItemGroup>
  <ItemGroup>
    <Library Include="SDL3.lib" />
  </ItemGroup>
</Project>